
Microsoft Visual Studio Solution File, Format Version 12.00
# Visual Studio Version 16
VisualStudioVersion = 16.0.33130.400
MinimumVisualStudioVersion = 10.0.40219.1
Project("{FAE04EC0-301F-11D3-BF4B-00C04F79EFBC}") = "Mission6Movies", "Mission6Movies.csproj", "{FE992515-6D98-4962-AC8C-0F052F688DCA}"
EndProject
Global
	GlobalSection(SolutionConfigurationPlatforms) = preSolution
		Debug|Any CPU = Debug|Any CPU
		Release|Any CPU = Release|Any CPU
	EndGlobalSection
	GlobalSection(ProjectConfigurationPlatforms) = postSolution
		{FE992515-6D98-4962-AC8C-0F052F688DCA}.Debug|Any CPU.ActiveCfg = Debug|Any CPU
		{FE992515-6D98-4962-AC8C-0F052F688DCA}.Debug|Any CPU.Build.0 = Debug|Any CPU
		{FE992515-6D98-4962-AC8C-0F052F688DCA}.Release|Any CPU.ActiveCfg = Release|Any CPU
		{FE992515-6D98-4962-AC8C-0F052F688DCA}.Release|Any CPU.Build.0 = Release|Any CPU
	EndGlobalSection
	GlobalSection(SolutionProperties) = preSolution
		HideSolutionNode = FALSE
	EndGlobalSection
	GlobalSection(ExtensibilityGlobals) = postSolution
		SolutionGuid = {7173D935-A36C-4A54-9E2A-29ACE18F5330}
	EndGlobalSection
EndGlobal
